<?xml version="1.0" encoding="utf-8"?>
<Project ToolsVersion="4.0" xmlns="http://schemas.microsoft.com/developer/msbuild/2003">
  <ItemGroup>
    <ClCompile Include="BufferInit.cpp">
      <Filter>소스 파일</Filter>
    </ClCompile>
    <ClCompile Include="CallbackFuncs.cpp">
      <Filter>소스 파일</Filter>
    </ClCompile>
    <ClCompile Include="CameraAndLight.cpp">
      <Filter>소스 파일</Filter>
    </ClCompile>
    <ClCompile Include="GameState.cpp">
      <Filter>소스 파일</Filter>
    </ClCompile>
    <ClCompile Include="main.cpp">
      <Filter>소스 파일</Filter>
    </ClCompile>
    <ClCompile Include="MeshData.cpp">
      <Filter>소스 파일</Filter>
    </ClCompile>
    <ClCompile Include="ShaderUtils.cpp">
      <Filter>소스 파일</Filter>
    </ClCompile>
    <ClCompile Include="stdafx.cpp">
      <Filter>소스 파일</Filter>
    </ClCompile>
    <ClCompile Include="TextureUtils.cpp">
      <Filter>소스 파일</Filter>
    </ClCompile>
    <ClCompile Include="Render.cpp">
      <Filter>소스 파일</Filter>
    </ClCompile>
    <ClCompile Include="MovingObject.cpp">
      <Filter>Objects</Filter>
    </ClCompile>
    <ClCompile Include="Object.cpp">
      <Filter>Objects</Filter>
    </ClCompile>
    <ClCompile Include="Player.cpp">
      <Filter>Objects</Filter>
    </ClCompile>
    <ClCompile Include="SockeError.cpp">
      <Filter>소스 파일</Filter>
    </ClCompile>
    <ClCompile Include="InitGL.cpp">
      <Filter>소스 파일</Filter>
    </ClCompile>
    <ClCompile Include="ConnectServer.cpp">
      <Filter>Network</Filter>
    </ClCompile>
    <ClCompile Include="PacketStruct.cpp">
      <Filter>PacketStructs</Filter>
    </ClCompile>
    <ClCompile Include="ClientProcess.cpp">
      <Filter>Network</Filter>
    </ClCompile>
  </ItemGroup>
  <ItemGroup>
    <ClInclude Include="BufferInit.h">
      <Filter>헤더 파일</Filter>
    </ClInclude>
    <ClInclude Include="CallbackFuncs.h">
      <Filter>헤더 파일</Filter>
    </ClInclude>
    <ClInclude Include="CameraAndLight.h">
      <Filter>헤더 파일</Filter>
    </ClInclude>
    <ClInclude Include="GameState.h">
      <Filter>헤더 파일</Filter>
    </ClInclude>
    <ClInclude Include="MeshData.h">
      <Filter>헤더 파일</Filter>
    </ClInclude>
    <ClInclude Include="Render.h">
      <Filter>헤더 파일</Filter>
    </ClInclude>
    <ClInclude Include="ShaderUtils.h">
      <Filter>헤더 파일</Filter>
    </ClInclude>
    <ClInclude Include="stb_image.h">
      <Filter>헤더 파일</Filter>
    </ClInclude>
    <ClInclude Include="stdafx.h">
      <Filter>헤더 파일</Filter>
    </ClInclude>
    <ClInclude Include="TextureUtils.h">
      <Filter>헤더 파일</Filter>
    </ClInclude>
    <ClInclude Include="Object.h">
      <Filter>Objects</Filter>
    </ClInclude>
    <ClInclude Include="Player.h">
      <Filter>Objects</Filter>
    </ClInclude>
    <ClInclude Include="PacketStruct.h">
      <Filter>PacketStructs</Filter>
    </ClInclude>
    <ClInclude Include="StateEnums.h">
      <Filter>State</Filter>
    </ClInclude>
    <ClInclude Include="StateMacro.h">
      <Filter>State</Filter>
    </ClInclude>
    <ClInclude Include="SocketError.h">
      <Filter>헤더 파일</Filter>
    </ClInclude>
    <ClInclude Include="InitGL.h">
      <Filter>헤더 파일</Filter>
    </ClInclude>
    <ClInclude Include="ConnectServer.h">
      <Filter>Network</Filter>
    </ClInclude>
    <ClInclude Include="ParticleSendRecv.h">
      <Filter>Network</Filter>
    </ClInclude>
    <ClInclude Include="ClientProcess.h">
      <Filter>Network</Filter>
    </ClInclude>
  </ItemGroup>
  <ItemGroup>
    <Image Include="sea.jpg">
      <Filter>리소스 파일</Filter>
    </Image>
    <Image Include="stone.bmp">
      <Filter>리소스 파일</Filter>
    </Image>
    <Image Include="diamond.png">
      <Filter>리소스 파일</Filter>
    </Image>
    <Image Include="..\gold.png">
      <Filter>리소스 파일</Filter>
    </Image>
    <Image Include="redstone.png">
      <Filter>리소스 파일</Filter>
    </Image>
  </ItemGroup>
  <ItemGroup>
    <None Include="fragment.glsl">
      <Filter>glsl</Filter>
    </None>
    <None Include="vertex.glsl">
      <Filter>glsl</Filter>
    </None>
  </ItemGroup>
  <ItemGroup>
    <Filter Include="소스 파일">
      <UniqueIdentifier>{56063680-83d3-4f75-95d2-a427b4d5c77b}</UniqueIdentifier>
    </Filter>
    <Filter Include="헤더 파일">
      <UniqueIdentifier>{6e44ef25-b92e-420a-acfc-427c7e894263}</UniqueIdentifier>
    </Filter>
    <Filter Include="glsl">
      <UniqueIdentifier>{96714d6f-61ea-4156-9c48-aeb32b56c9e1}</UniqueIdentifier>
    </Filter>
    <Filter Include="리소스 파일">
      <UniqueIdentifier>{a02b1982-4535-45f8-be5d-a14f92834670}</UniqueIdentifier>
    </Filter>
    <Filter Include="Objects">
      <UniqueIdentifier>{4a4d2dac-1eb9-40e0-b2db-5893fa68c358}</UniqueIdentifier>
    </Filter>
    <Filter Include="PacketStructs">
      <UniqueIdentifier>{bc3deb99-8c22-4376-b420-db97a6033a29}</UniqueIdentifier>
    </Filter>
    <Filter Include="State">
      <UniqueIdentifier>{fb466566-1c0d-4a11-bb58-1be06a08a20c}</UniqueIdentifier>
    </Filter>
    <Filter Include="Network">
      <UniqueIdentifier>{af2b2236-6e9b-44a6-b790-9bffca459a75}</UniqueIdentifier>
    </Filter>
  </ItemGroup>
</Project>